
Microsoft Visual Studio Solution File, Format Version 12.00
# Visual Studio Version 17
VisualStudioVersion = 17.6.33717.318
MinimumVisualStudioVersion = 10.0.40219.1
Project("{9A19103F-16F7-4668-BE54-9A1E7A4F7556}") = "ElectionService", "ElectionService\ElectionService.csproj", "{32C451B7-BB34-49DA-930A-FCCF53F3C3C6}"
EndProject
Project("{9A19103F-16F7-4668-BE54-9A1E7A4F7556}") = "GestionElectionUI", "GestionElectionUI\GestionElectionUI.csproj", "{C983923D-666C-4AE2-B9F9-28E534A8209A}"
EndProject
Project("{FAE04EC0-301F-11D3-BF4B-00C04F79EFBC}") = "ElectionLibrary", "ElectionLibrary\ElectionLibrary.csproj", "{F5FD8972-9D9F-4149-980F-FA23703AA0F7}"
EndProject
Global
	GlobalSection(SolutionConfigurationPlatforms) = preSolution
		Debug|Any CPU = Debug|Any CPU
		Release|Any CPU = Release|Any CPU
	EndGlobalSection
	GlobalSection(ProjectConfigurationPlatforms) = postSolution
		{32C451B7-BB34-49DA-930A-FCCF53F3C3C6}.Debug|Any CPU.ActiveCfg = Debug|Any CPU
		{32C451B7-BB34-49DA-930A-FCCF53F3C3C6}.Debug|Any CPU.Build.0 = Debug|Any CPU
		{32C451B7-BB34-49DA-930A-FCCF53F3C3C6}.Release|Any CPU.ActiveCfg = Release|Any CPU
		{32C451B7-BB34-49DA-930A-FCCF53F3C3C6}.Release|Any CPU.Build.0 = Release|Any CPU
		{C983923D-666C-4AE2-B9F9-28E534A8209A}.Debug|Any CPU.ActiveCfg = Debug|Any CPU
		{C983923D-666C-4AE2-B9F9-28E534A8209A}.Debug|Any CPU.Build.0 = Debug|Any CPU
		{C983923D-666C-4AE2-B9F9-28E534A8209A}.Release|Any CPU.ActiveCfg = Release|Any CPU
		{C983923D-666C-4AE2-B9F9-28E534A8209A}.Release|Any CPU.Build.0 = Release|Any CPU
		{F5FD8972-9D9F-4149-980F-FA23703AA0F7}.Debug|Any CPU.ActiveCfg = Debug|Any CPU
		{F5FD8972-9D9F-4149-980F-FA23703AA0F7}.Debug|Any CPU.Build.0 = Debug|Any CPU
		{F5FD8972-9D9F-4149-980F-FA23703AA0F7}.Release|Any CPU.ActiveCfg = Release|Any CPU
		{F5FD8972-9D9F-4149-980F-FA23703AA0F7}.Release|Any CPU.Build.0 = Release|Any CPU
	EndGlobalSection
	GlobalSection(SolutionProperties) = preSolution
		HideSolutionNode = FALSE
	EndGlobalSection
	GlobalSection(ExtensibilityGlobals) = postSolution
		SolutionGuid = {1937CF96-989F-4CCD-B1D6-3DB4C64D5111}
	EndGlobalSection
EndGlobal
